lockfileVersion: '9.0'

settings:
  autoInstallPeers: true
  excludeLinksFromLockfile: false

importers:

  .:
    devDependencies:
      sst:
        specifier: ^4.17.1
        version: 4.17.1

packages:

  '@aws-sdk/client-lambda@3.1095.0':
    resolution: {integrity: sha512-zWx4ugkVrm77xDgtUc1bnVoFjaq2r3b4bJuT8EtyD2y6/LAvrY+9q1FbUkXxhiAFsAjRV9+2sG/SUp+x1lsFNQ==}
    engines: {node: '>=20.0.0'}

  '@aws-sdk/core@3.977.1':
    resolution: {integrity: sha512-KVtQRtc00ES/y+Sc3vYXeP6pCIcNlBJCZOwvqSy8ZpVGmbM5+IG+AfhuTKQ2oXmIVqZJewaGMMpzPkywC6xg0w==}
    engines: {node: '>=20.0.0'}

  '@aws-sdk/credential-provider-env@3.972.61':
    resolution: {integrity: sha512-qihs2ekMb89Nxd2JenCgVFhjbkb3EIo7HEBCBzyZACKVJdrLUZBLOmAE3xr0Sayml8n/jZSzwO/IufIiIzO7PQ==}
    engines: {node: '>=20.0.0'}

  '@aws-sdk/credential-provider-http@3.972.63':
    resolution: {integrity: sha512-yfozsS8wkWZEi/n6IsrodcFKBWZ0iNAezhJbTReMNc0z1Px17qdeAeuL1/wziCAmCZyXiW7QzP75ggJkBQv8jQ==}
    engines: {node: '>=20.0.0'}

  '@aws-sdk/credential-provider-ini@3.973.6':
    resolution: {integrity: sha512-jGLTW1bj148GL/6/IMlfY2fMYS9FtHOG+NahkFD4y0qkzYudNUahelxryY68/HGMslYuHClk1XaS/3b3eJzEkg==}
    engines: {node: '>=20.0.0'}

  '@aws-sdk/credential-provider-login@3.972.68':
    resolution: {integrity: sha512-w6tNci6g7RqFpLhj1f5xseBvaNojb4Pkgp5Jp5apl9hrJtaf2AA+rX9+qlhlWUK6kcyAFYPA7emO+55zj+S98Q==}
    engines: {node: '>=20.0.0'}

  '@aws-sdk/credential-provider-node@3.972.72':
    resolution: {integrity: sha512-blQ7F5QGzylnzeh5549zQLoCAiMHkXFLjFovEMaVy4b2X8JhUu+u9NXro1hyK95YHdVFNmBHKs2hIHtZchxKlQ==}
    engines: {node: '>=20.0.0'}

  '@aws-sdk/credential-provider-process@3.972.61':
    resolution: {integrity: sha512-xzRuj+fUVO4nkafKQJVKAF97kGpeQbfjuwmRrtGZNf42/1dkmcz6o7dswBy7alY0htQn5sCL1GWQYEykviWZkA==}
    engines: {node: '>=20.0.0'}

  '@aws-sdk/credential-provider-sso@3.973.5':
    resolution: {integrity: sha512-fZRjjWhLFelsDoOYjqShQTrIGYC3Pf9Mx9Czf+1ikfQDgktxjze33dVo1q1/ZQ+T0qbtejVoHNHrfD5aJVpv/w==}
    engines: {node: '>=20.0.0'}

  '@aws-sdk/credential-provider-web-identity@3.972.67':
    resolution: {integrity: sha512-FTNZ05gkPBA6CKbU3N4zPgybV+stdazwMOya75CmGdcJL7p8Fw/BdHP8WVxJd0mvzyPK2cg/C3gli58Ir4HgCw==}
    engines: {node: '>=20.0.0'}

  '@aws-sdk/nested-clients@3.997.35':
    resolution: {integrity: sha512-2MJfseVG/aXvIyOIBlYA/Oaf6qFDdsu4D8RKsEUdOQpVuLaor0BdxIBBtJLBNQQEe6Ku3YMvLljwb1MwVUpzRw==}
    engines: {node: '>=20.0.0'}

  '@aws-sdk/signature-v4-multi-region@3.996.42':
    resolution: {integrity: sha512-DBV4naZP6HYBlAvPpoQzOP12Wvfou/5rN8yJPXjBTBylU5qwCbh/tXr2MddHoIjgoRkEl/eS+IljiUqvmwey1Q==}
    engines: {node: '>=20.0.0'}

  '@aws-sdk/token-providers@3.1095.0':
    resolution: {integrity: sha512-65SudS6y4nzaYHybtqcpm3sHe5jLhdMn68HRKS1nUx690BtQeaAQOoujQ+dpOjBATIVGVgKKjEP8tR+U06QJQA==}
    engines: {node: '>=20.0.0'}

  '@aws-sdk/types@3.974.2':
    resolution: {integrity: sha512-3W6IUtSxFbH6X7Wb7DzGCV5QiFQsd0g8bOfntpmDxQlzBoKWUMBu/JPQR0DwkE+Hpnxd6db1tXbOwdeHddG6cA==}
    engines: {node: '>=20.0.0'}

  '@aws-sdk/xml-builder@3.972.37':
    resolution: {integrity: sha512-zKq4HQum8JwDyEuyfuI4bbiAcU0KxP6qy+9PR/IsR92IyE/DaBAikzAS50tjxip4bqIIANpCcG+Yyj6CVhXupg==}
    engines: {node: '>=20.0.0'}

  '@aws/durable-execution-sdk-js@1.0.2':
    resolution: {integrity: sha512-KIYBVqV9gArkWdPEDYOjJqLlO+NecmCXOXadNBlOspJTmqztwuiyb6aZc468bYWSGuL4Me/gyTIK97ubkwFNCw==}
    engines: {node: '>=22'}

  '@aws/lambda-invoke-store@0.3.0':
    resolution: {integrity: sha512-sl4Bm6yiMNYrZKkqqDFWN0UfnWhlS8ivKxrYl+6t0gCLrqr8y3B2IqZZbFRkfaVVp7C/baApyh71P+LeE1A2sQ==}
    engines: {node: '>=18.0.0'}

  '@smithy/core@3.30.0':
    resolution: {integrity: sha512-dl2yRglDxfzH9uJ4fSo4zTaAHa0zH7+V7BZMRWy8hEYIKT1BiqMUK/CN6T3ADQ3kbA5N1tmUulroJ2UtONS7Kw==}
    engines: {node: '>=18.0.0'}

  '@smithy/credential-provider-imds@4.4.14':
    resolution: {integrity: sha512-QgbuahIb2qxQeZQvNK0sw3aF3JH5zwH8j2lLp5DUasVXexGGMWULAR+7z0omPXFolCP/m5wN9M5lm9EGdSviTQ==}
    engines: {node: '>=18.0.0'}

  '@smithy/fetch-http-handler@5.6.11':
    resolution: {integrity: sha512-o0Zkj1nKqJAoq+a+BrkhU39tRftMNjLwpc/z06Frfl43wpbHrJMaSAVZE4vTqlxtVkNaGaT0bIDxOp7tkFTuQQ==}
    engines: {node: '>=18.0.0'}

  '@smithy/node-http-handler@4.9.11':
    resolution: {integrity: sha512-slbzbz8taEOzoXv/9y34YNBoE+ZHmddLykCgjDAjvMAsu2nM5s2Gzwa5OGF721tD8s+CKeFUBds5lSj9lcbuDg==}
    engines: {node: '>=18.0.0'}

  '@smithy/signature-v4@5.6.10':
    resolution: {integrity: sha512-EXhWePm3SXJAX38npIy4TXL2Aex/OVgCClTjelN2QHw/U+8CQUH8C7AaxsVzQcYieYPseywn48s89DmvuGjiAg==}
    engines: {node: '>=18.0.0'}

  '@smithy/types@4.16.1':
    resolution: {integrity: sha512-0JFs3V2y2M9tKW5na/qxe69Zv+uxLMO7QBbhxF/FHu/Gp2NFZAAL9tWl9PU02xxo07pb3G9FTyjNc6D5uZrJIg==}
    engines: {node: '>=18.0.0'}

  aws4fetch@1.0.18:
    resolution: {integrity: sha512-3Cf+YaUl07p24MoQ46rFwulAmiyCwH2+1zw1ZyPAX5OtJ34Hh185DwB8y/qRLb6cYYYtSFJ9pthyLc0MD4e8sQ==}

  bowser@2.14.1:
    resolution: {integrity: sha512-tzPjzCxygAKWFOJP011oxFHs57HzIhOEracIgAePE4pqB3LikALKnSzUyU4MGs9/iCEUuHlAJTjTc5M+u7YEGg==}

  jose@4.15.9:
    resolution: {integrity: sha512-1vUQX+IdDMVPj4k8kOxgUqlcK518yluMuGZwqlr44FS1ppZB/5GWh4rZG89erpOBOJjU/OBsnCVFfapsRz6nEA==}

  jose@5.2.3:
    resolution: {integrity: sha512-KUXdbctm1uHVL8BYhnyHkgp3zDX5KW8ZhAKVFEfUbU2P8Alpzjb+48hHvjOdQIyPshoblhzsuqOwEEAbtHVirA==}

  lru-cache@6.0.0:
    resolution: {integrity: sha512-Jo6dJ04CmSjuznwJSS3pUeWmd/H0ffTlkXXgwZi+eq1UCmqQwCh+eLsYOYCwY991i2Fah4h1BEMCx4qThGbsiA==}
    engines: {node: '>=10'}

  object-hash@2.2.0:
    resolution: {integrity: sha512-gScRMn0bS5fH+IuwyIFgnh9zBdo4DV+6GhygmWM9HyNJSgS0hScp1f5vjtm7oIIOiT9trXrShAkLFSc2IqKNgw==}
    engines: {node: '>= 6'}

  oidc-token-hash@5.2.0:
    resolution: {integrity: sha512-6gj2m8cJZ+iSW8bm0FXdGF0YhIQbKrfP4yWTNzxc31U6MOjfEmB1rHvlYvxI1B7t7BCi1F2vYTT6YhtQRG4hxw==}
    engines: {node: ^10.13.0 || >=12.0.0}

  openid-client@5.6.4:
    resolution: {integrity: sha512-T1h3B10BRPKfcObdBklX639tVz+xh34O7GjofqrqiAQdm7eHsQ00ih18x6wuJ/E6FxdtS2u3FmUGPDeEcMwzNA==}

  sst-darwin-arm64@4.17.1:
    resolution: {integrity: sha512-Y9qZTBk4Fcwba+td+Dz3lz0wT9pQIbkJ5JqNfU4UwaVQtA58kz02F/BluhACi0vpI7PJULY7Tp1orHg86iy9+w==}
    cpu: [arm64]
    os: [darwin]

  sst-darwin-x64@4.17.1:
    resolution: {integrity: sha512-TCU/H51vhQo+5QwsPIsiODlM54OS3Xai8FThcmX9H4git9Z/gPRLdWGKO+KSRB5Mrbm4z1R+pLqWyuuoNA4W6g==}
    cpu: [x64]
    os: [darwin]

  sst-linux-arm64@4.17.1:
    resolution: {integrity: sha512-LwSl1hOEuRx1nODr9QRKZAo8hrTOS/BBhZdGoAIwsVArmZurqbY1VKaVk6DSbP+qUnGPPgdEMpb1PpfdJfX/Xw==}
    cpu: [arm64]
    os: [linux]

  sst-linux-x64@4.17.1:
    resolution: {integrity: sha512-DtIm3XkpzWb9yS4ZSgxg5KuOHRHhBk66y9lzVw6E/GBfUDdVOES2pbQUuFHuAq2tPJpbzuxGH7trdylAGD+TxA==}
    cpu: [x64]
    os: [linux]

  sst-linux-x86@4.17.1:
    resolution: {integrity: sha512-I2dMWy9zU2V1H6NX3TE1ckl8BbXm/1rcPyxRJCe2TBYUgucqhT1q4je3OAOjBfUnBSv7arxm5tSrYZ0Z9I3bYQ==}
    cpu: [x86]
    os: [linux]

  sst-win32-arm64@4.17.1:
    resolution: {integrity: sha512-iGWZC6vCI2verOnjLxRLeXNsZdxvVKJlgXO0zI4vtw3cbd+PbCU2Q7uj6miu0nlNHhsy+v0C3eL/aKu3Sk7V0A==}
    cpu: [arm64]
    os: [win32]

  sst-win32-x64@4.17.1:
    resolution: {integrity: sha512-S9vpQwF24syg2A2+Sb+STejN8pfVv/l2LIZTFHeQOrMeLPIld3Uz9fQPakXCa3FrT1/i+m/UWWORXIJUeNBe+g==}
    cpu: [x64]
    os: [win32]

  sst-win32-x86@4.17.1:
    resolution: {integrity: sha512-CTniRCdMGKVBZ4RB4cJbwJS1YH2d9vmCEzrbETr8a6BtlZ7gD4DDHf3RuG7oZ9MumVerbTuxhi7faz7uJ0UjVw==}
    cpu: [x86]
    os: [win32]

  sst@4.17.1:
    resolution: {integrity: sha512-06z0R8MICyvlsMAnPhQSga0JyijwlxwFXatnPtPA1h38PjSafrVR7bUhVIHFmUAtDLNC8hTlR/KMbKBlKGrRnQ==}
    hasBin: true

  tslib@2.8.1:
    resolution: {integrity: sha512-oJFu94HQb+KVduSUQL7wnpmqnfmLsOA/nAh6b6EH0wCEoK0/mPeXU6c3wKDV83MkOuHPRHtSXKKU99IBazS/2w==}

  yallist@4.0.0:
    resolution: {integrity: sha512-3wdGidZyq5PB084XLES5TpOSRA3wjXAlIWMhum2kRcv/41Sn2emQ0dycQW4uZXLejwKvg6EsvbdlVL+FYEct7A==}

snapshots:

  '@aws-sdk/client-lambda@3.1095.0':
    dependencies:
      '@aws-sdk/core': 3.977.1
      '@aws-sdk/credential-provider-node': 3.972.72
      '@aws-sdk/types': 3.974.2
      '@smithy/core': 3.30.0
      '@smithy/fetch-http-handler': 5.6.11
      '@smithy/node-http-handler': 4.9.11
      '@smithy/types': 4.16.1
      tslib: 2.8.1

  '@aws-sdk/core@3.977.1':
    dependencies:
      '@aws-sdk/types': 3.974.2
      '@aws-sdk/xml-builder': 3.972.37
      '@aws/lambda-invoke-store': 0.3.0
      '@smithy/core': 3.30.0
      '@smithy/signature-v4': 5.6.10
      '@smithy/types': 4.16.1
      bowser: 2.14.1
      tslib: 2.8.1

  '@aws-sdk/credential-provider-env@3.972.61':
    dependencies:
      '@aws-sdk/core': 3.977.1
      '@aws-sdk/types': 3.974.2
      '@smithy/core': 3.30.0
      '@smithy/types': 4.16.1
      tslib: 2.8.1

  '@aws-sdk/credential-provider-http@3.972.63':
    dependencies:
      '@aws-sdk/core': 3.977.1
      '@aws-sdk/types': 3.974.2
      '@smithy/core': 3.30.0
      '@smithy/fetch-http-handler': 5.6.11
      '@smithy/node-http-handler': 4.9.11
      '@smithy/types': 4.16.1
      tslib: 2.8.1

  '@aws-sdk/credential-provider-ini@3.973.6':
    dependencies:
      '@aws-sdk/core': 3.977.1
      '@aws-sdk/credential-provider-env': 3.972.61
      '@aws-sdk/credential-provider-http': 3.972.63
      '@aws-sdk/credential-provider-login': 3.972.68
      '@aws-sdk/credential-provider-process': 3.972.61
      '@aws-sdk/credential-provider-sso': 3.973.5
      '@aws-sdk/credential-provider-web-identity': 3.972.67
      '@aws-sdk/nested-clients': 3.997.35
      '@aws-sdk/types': 3.974.2
      '@smithy/core': 3.30.0
      '@smithy/credential-provider-imds': 4.4.14
      '@smithy/types': 4.16.1
      tslib: 2.8.1

  '@aws-sdk/credential-provider-login@3.972.68':
    dependencies:
      '@aws-sdk/core': 3.977.1
      '@aws-sdk/nested-clients': 3.997.35
      '@aws-sdk/types': 3.974.2
      '@smithy/core': 3.30.0
      '@smithy/types': 4.16.1
      tslib: 2.8.1

  '@aws-sdk/credential-provider-node@3.972.72':
    dependencies:
      '@aws-sdk/credential-provider-env': 3.972.61
      '@aws-sdk/credential-provider-http': 3.972.63
      '@aws-sdk/credential-provider-ini': 3.973.6
      '@aws-sdk/credential-provider-process': 3.972.61
      '@aws-sdk/credential-provider-sso': 3.973.5
      '@aws-sdk/credential-provider-web-identity': 3.972.67
      '@aws-sdk/types': 3.974.2
      '@smithy/core': 3.30.0
      '@smithy/credential-provider-imds': 4.4.14
      '@smithy/types': 4.16.1
      tslib: 2.8.1

  '@aws-sdk/credential-provider-process@3.972.61':
    dependencies:
      '@aws-sdk/core': 3.977.1
      '@aws-sdk/types': 3.974.2
      '@smithy/core': 3.30.0
      '@smithy/types': 4.16.1
      tslib: 2.8.1

  '@aws-sdk/credential-provider-sso@3.973.5':
    dependencies:
      '@aws-sdk/core': 3.977.1
      '@aws-sdk/nested-clients': 3.997.35
      '@aws-sdk/token-providers': 3.1095.0
      '@aws-sdk/types': 3.974.2
      '@smithy/core': 3.30.0
      '@smithy/types': 4.16.1
      tslib: 2.8.1

  '@aws-sdk/credential-provider-web-identity@3.972.67':
    dependencies:
      '@aws-sdk/core': 3.977.1
      '@aws-sdk/nested-clients': 3.997.35
      '@aws-sdk/types': 3.974.2
      '@smithy/core': 3.30.0
      '@smithy/types': 4.16.1
      tslib: 2.8.1

  '@aws-sdk/nested-clients@3.997.35':
    dependencies:
      '@aws-sdk/core': 3.977.1
      '@aws-sdk/signature-v4-multi-region': 3.996.42
      '@aws-sdk/types': 3.974.2
      '@smithy/core': 3.30.0
      '@smithy/fetch-http-handler': 5.6.11
      '@smithy/node-http-handler': 4.9.11
      '@smithy/types': 4.16.1
      tslib: 2.8.1

  '@aws-sdk/signature-v4-multi-region@3.996.42':
    dependencies:
      '@aws-sdk/types': 3.974.2
      '@smithy/signature-v4': 5.6.10
      '@smithy/types': 4.16.1
      tslib: 2.8.1

  '@aws-sdk/token-providers@3.1095.0':
    dependencies:
      '@aws-sdk/core': 3.977.1
      '@aws-sdk/nested-clients': 3.997.35
      '@aws-sdk/types': 3.974.2
      '@smithy/core': 3.30.0
      '@smithy/types': 4.16.1
      tslib: 2.8.1

  '@aws-sdk/types@3.974.2':
    dependencies:
      '@smithy/types': 4.16.1
      tslib: 2.8.1

  '@aws-sdk/xml-builder@3.972.37':
    dependencies:
      '@smithy/types': 4.16.1
      tslib: 2.8.1

  '@aws/durable-execution-sdk-js@1.0.2':
    dependencies:
      '@aws-sdk/client-lambda': 3.1095.0

  '@aws/lambda-invoke-store@0.3.0': {}

  '@smithy/core@3.30.0':
    dependencies:
      '@smithy/types': 4.16.1
      tslib: 2.8.1

  '@smithy/credential-provider-imds@4.4.14':
    dependencies:
      '@smithy/core': 3.30.0
      '@smithy/types': 4.16.1
      tslib: 2.8.1

  '@smithy/fetch-http-handler@5.6.11':
    dependencies:
      '@smithy/core': 3.30.0
      '@smithy/types': 4.16.1
      tslib: 2.8.1

  '@smithy/node-http-handler@4.9.11':
    dependencies:
      '@smithy/core': 3.30.0
      '@smithy/types': 4.16.1
      tslib: 2.8.1

  '@smithy/signature-v4@5.6.10':
    dependencies:
      '@smithy/core': 3.30.0
      '@smithy/types': 4.16.1
      tslib: 2.8.1

  '@smithy/types@4.16.1':
    dependencies:
      tslib: 2.8.1

  aws4fetch@1.0.18: {}

  bowser@2.14.1: {}

  jose@4.15.9: {}

  jose@5.2.3: {}

  lru-cache@6.0.0:
    dependencies:
      yallist: 4.0.0

  object-hash@2.2.0: {}

  oidc-token-hash@5.2.0: {}

  openid-client@5.6.4:
    dependencies:
      jose: 4.15.9
      lru-cache: 6.0.0
      object-hash: 2.2.0
      oidc-token-hash: 5.2.0

  sst-darwin-arm64@4.17.1:
    optional: true

  sst-darwin-x64@4.17.1:
    optional: true

  sst-linux-arm64@4.17.1:
    optional: true

  sst-linux-x64@4.17.1:
    optional: true

  sst-linux-x86@4.17.1:
    optional: true

  sst-win32-arm64@4.17.1:
    optional: true

  sst-win32-x64@4.17.1:
    optional: true

  sst-win32-x86@4.17.1:
    optional: true

  sst@4.17.1:
    dependencies:
      '@aws/durable-execution-sdk-js': 1.0.2
      aws4fetch: 1.0.18
      jose: 5.2.3
      openid-client: 5.6.4
    optionalDependencies:
      sst-darwin-arm64: 4.17.1
      sst-darwin-x64: 4.17.1
      sst-linux-arm64: 4.17.1
      sst-linux-x64: 4.17.1
      sst-linux-x86: 4.17.1
      sst-win32-arm64: 4.17.1
      sst-win32-x64: 4.17.1
      sst-win32-x86: 4.17.1

  tslib@2.8.1: {}

  yallist@4.0.0: {}
